// !$*UTF8*$!
{
	archiveVersion = 1;
	classes = {
	};
	objectVersion = 52;
	objects = {

/* Begin PBXBuildFile section */
		7461C18C23EA88A4005EB053 /* AppDelegate.swift in Sources */ = {isa = PBXBuildFile; fileRef = 7461C18B23EA88A4005EB053 /* AppDelegate.swift */; };
		7461C18E23EA88A4005EB053 /* SceneDelegate.swift in Sources */ = {isa = PBXBuildFile; fileRef = 7461C18D23EA88A4005EB053 /* SceneDelegate.swift */; };
		7461C19323EA88A5005EB053 /* Main.storyboard in Resources */ = {isa = PBXBuildFile; fileRef = 7461C19123EA88A5005EB053 /* Main.storyboard */; };
		7461C19523EA88AF005EB053 /* Assets.xcassets in Resources */ = {isa = PBXBuildFile; fileRef = 7461C19423EA88AF005EB053 /* Assets.xcassets */; };
		7461C19823EA88AF005EB053 /* LaunchScreen.storyboard in Resources */ = {isa = PBXBuildFile; fileRef = 7461C19623EA88AF005EB053 /* LaunchScreen.storyboard */; };
		7461C1AA23EA8C2C005EB053 /* TabBarController.swift in Sources */ = {isa = PBXBuildFile; fileRef = 7461C1A923EA8C2C005EB053 /* TabBarController.swift */; };
		7461C1AC23EA986D005EB053 /* LoginViewController.swift in Sources */ = {isa = PBXBuildFile; fileRef = 7461C1AB23EA986D005EB053 /* LoginViewController.swift */; };
		7461C1AE23EA98AC005EB053 /* HomeViewController.swift in Sources */ = {isa = PBXBuildFile; fileRef = 7461C1AD23EA98AC005EB053 /* HomeViewController.swift */; };
		7461C1B023EA98BB005EB053 /* ImageSelectViewController.swift in Sources */ = {isa = PBXBuildFile; fileRef = 7461C1AF23EA98BB005EB053 /* ImageSelectViewController.swift */; };
		7461C1B223EA98C9005EB053 /* PostViewController.swift in Sources */ = {isa = PBXBuildFile; fileRef = 7461C1B123EA98C9005EB053 /* PostViewController.swift */; };
		7461C1B423EA98DB005EB053 /* SettingViewController.swift in Sources */ = {isa = PBXBuildFile; fileRef = 7461C1B323EA98DB005EB053 /* SettingViewController.swift */; };
		7461C1B623EA9A49005EB053 /* GoogleService-Info.plist in Resources */ = {isa = PBXBuildFile; fileRef = 7461C1B523EA9A49005EB053 /* GoogleService-Info.plist */; };
		E8AC4091722078B124AA2F04 /* Pods_Instagram.framework in Frameworks */ = {isa = PBXBuildFile; fileRef = 078C7B6897415C83661FC940 /* Pods_Instagram.framework */; };
/* End PBXBuildFile section */

/* Begin PBXFileReference section */
		078C7B6897415C83661FC940 /* Pods_Instagram.framework */ = {isa = PBXFileReference; explicitFileType = wrapper.framework; includeInIndex = 0; path = Pods_Instagram.framework; sourceTree = BUILT_PRODUCTS_DIR; };
		7461C18823EA88A4005EB053 /* Instagram.app */ = {isa = PBXFileReference; explicitFileType = wrapper.application; includeInIndex = 0; path = Instagram.app; sourceTree = BUILT_PRODUCTS_DIR; };
		7461C18B23EA88A4005EB053 /* AppDelegate.swift */ = {isa = PBXFileReference; lastKnownFileType = sourcecode.swift; path = AppDelegate.swift; sourceTree = "<group>"; };
		7461C18D23EA88A4005EB053 /* SceneDelegate.swift */ = {isa = PBXFileReference; lastKnownFileType = sourcecode.swift; path = SceneDelegate.swift; sourceTree = "<group>"; };
		7461C19223EA88A5005EB053 /* Base */ = {isa = PBXFileReference; lastKnownFileType = file.storyboard; name = Base; path = Base.lproj/Main.storyboard; sourceTree = "<group>"; };
		7461C19423EA88AF005EB053 /* Assets.xcassets */ = {isa = PBXFileReference; lastKnownFileType = folder.assetcatalog; path = Assets.xcassets; sourceTree = "<group>"; };
		7461C19723EA88AF005EB053 /* Base */ = {isa = PBXFileReference; lastKnownFileType = file.storyboard; name = Base; path = Base.lproj/LaunchScreen.storyboard; sourceTree = "<group>"; };
		7461C19923EA88AF005EB053 /* Info.plist */ = {isa = PBXFileReference; lastKnownFileType = text.plist.xml; path = Info.plist; sourceTree = "<group>"; };
		7461C1A923EA8C2C005EB053 /* TabBarController.swift */ = {isa = PBXFileReference; lastKnownFileType = sourcecode.swift; path = TabBarController.swift; sourceTree = "<group>"; };
		7461C1AB23EA986D005EB053 /* LoginViewController.swift */ = {isa = PBXFileReference; lastKnownFileType = sourcecode.swift; path = LoginViewController.swift; sourceTree = "<group>"; };
		7461C1AD23EA98AC005EB053 /* HomeViewController.swift */ = {isa = PBXFileReference; lastKnownFileType = sourcecode.swift; path = HomeViewController.swift; sourceTree = "<group>"; };
		7461C1AF23EA98BB005EB053 /* ImageSelectViewController.swift */ = {isa = PBXFileReference; lastKnownFileType = sourcecode.swift; path = ImageSelectViewController.swift; sourceTree = "<group>"; };
		7461C1B123EA98C9005EB053 /* PostViewController.swift */ = {isa = PBXFileReference; lastKnownFileType = sourcecode.swift; path = PostViewController.swift; sourceTree = "<group>"; };
		7461C1B323EA98DB005EB053 /* SettingViewController.swift */ = {isa = PBXFileReference; lastKnownFileType = sourcecode.swift; path = SettingViewController.swift; sourceTree = "<group>"; };
		7461C1B523EA9A49005EB053 /* GoogleService-Info.plist */ = {isa = PBXFileReference; fileEncoding = 4; lastKnownFileType = text.plist.xml; path = "GoogleService-Info.plist"; sourceTree = "<group>"; };
		9DA2A6E4BB5B5FF955DEDCC3 /* Pods-Instagram.debug.xcconfig */ = {isa = PBXFileReference; includeInIndex = 1; lastKnownFileType = text.xcconfig; name = "Pods-Instagram.debug.xcconfig"; path = "Target Support Files/Pods-Instagram/Pods-Instagram.debug.xcconfig"; sourceTree = "<group>"; };
		F9C8123AAD9E4DD25BF3CE1A /* Pods-Instagram.release.xcconfig */ = {isa = PBXFileReference; includeInIndex = 1; lastKnownFileType = text.xcconfig; name = "Pods-Instagram.release.xcconfig"; path = "Target Support Files/Pods-Instagram/Pods-Instagram.release.xcconfig"; sourceTree = "<group>"; };
/* End PBXFileReference section */

/* Begin PBXFrameworksBuildPhase section */
		7461C18523EA88A4005EB053 /* Frameworks */ = {
			isa = PBXFrameworksBuildPhase;
			buildActionMask = 2147483647;
			files = (
				E8AC4091722078B124AA2F04 /* Pods_Instagram.framework in Frameworks */,
			);
			runOnlyForDeploymentPostprocessing = 0;
		};
/* End PBXFrameworksBuildPhase section */

/* Begin PBXGroup section */
		312A3E95CA13F84763CA1C8B /* Pods */ = {
			isa = PBXGroup;
			children = (
				9DA2A6E4BB5B5FF955DEDCC3 /* Pods-Instagram.debug.xcconfig */,
				F9C8123AAD9E4DD25BF3CE1A /* Pods-Instagram.release.xcconfig */,
			);
			name = Pods;
			path = Pods;
			sourceTree = "<group>";
		};
		7461C17F23EA88A3005EB053 = {
			isa = PBXGroup;
			children = (
				7461C18A23EA88A4005EB053 /* Instagram */,
				7461C18923EA88A4005EB053 /* Products */,
				312A3E95CA13F84763CA1C8B /* Pods */,
				A17F2FDC0358D652A2761521 /* Frameworks */,
			);
			sourceTree = "<group>";
		};
		7461C18923EA88A4005EB053 /* Products */ = {
			isa = PBXGroup;
			children = (
				7461C18823EA88A4005EB053 /* Instagram.app */,
			);
			name = Products;
			sourceTree = "<group>";
		};
		7461C18A23EA88A4005EB053 /* Instagram */ = {
			isa = PBXGroup;
			children = (
				7461C18B23EA88A4005EB053 /* AppDelegate.swift */,
				7461C18D23EA88A4005EB053 /* SceneDelegate.swift */,
				7461C1A923EA8C2C005EB053 /* TabBarController.swift */,
				7461C1AB23EA986D005EB053 /* LoginViewController.swift */,
				7461C1AD23EA98AC005EB053 /* HomeViewController.swift */,
				7461C1AF23EA98BB005EB053 /* ImageSelectViewController.swift */,
				7461C1B123EA98C9005EB053 /* PostViewController.swift */,
				7461C1B323EA98DB005EB053 /* SettingViewController.swift */,
				7461C19123EA88A5005EB053 /* Main.storyboard */,
				7461C19423EA88AF005EB053 /* Assets.xcassets */,
				7461C19623EA88AF005EB053 /* LaunchScreen.storyboard */,
				7461C19923EA88AF005EB053 /* Info.plist */,
				7461C1B523EA9A49005EB053 /* GoogleService-Info.plist */,
			);
			path = Instagram;
			sourceTree = "<group>";
		};
		A17F2FDC0358D652A2761521 /* Frameworks */ = {
			isa = PBXGroup;
			children = (
				078C7B6897415C83661FC940 /* Pods_Instagram.framework */,
			);
			name = Frameworks;
			sourceTree = "<group>";
		};
/* End PBXGroup section */

/* Begin PBXNativeTarget section */
		7461C18723EA88A4005EB053 /* Instagram */ = {
			isa = PBXNativeTarget;
			buildConfigurationList = 7461C19C23EA88AF005EB053 /* Build configuration list for PBXNativeTarget "Instagram" */;
			buildPhases = (
				54C5485E12DF233ACCEAC1E2 /* [CP] Check Pods Manifest.lock */,
				7461C18423EA88A4005EB053 /* Sources */,
				7461C18523EA88A4005EB053 /* Frameworks */,
				7461C18623EA88A4005EB053 /* Resources */,
				724C3EDD2D3652A44DE1E35B /* [CP] Embed Pods Frameworks */,
			);
			buildRules = (
			);
			dependencies = (
			);
			name = Instagram;
			productName = Instagram;
			productReference = 7461C18823EA88A4005EB053 /* Instagram.app */;
			productType = "com.apple.product-type.application";
		};
/* End PBXNativeTarget section */

/* Begin PBXProject section */
		7461C18023EA88A3005EB053 /* Project object */ = {
			isa = PBXProject;
			attributes = {
				LastSwiftUpdateCheck = 1130;
				LastUpgradeCheck = 1130;
				ORGANIZATIONNAME = toshihiro.imamura;
				TargetAttributes = {
					7461C18723EA88A4005EB053 = {
						CreatedOnToolsVersion = 11.3;
					};
				};
			};
			buildConfigurationList = 7461C18323EA88A3005EB053 /* Build configuration list for PBXProject "Instagram" */;
			compatibilityVersion = "Xcode 11.0";
			developmentRegion = en;
			hasScannedForEncodings = 0;
			knownRegions = (
				en,
				Base,
			);
			mainGroup = 7461C17F23EA88A3005EB053;
			productRefGroup = 7461C18923EA88A4005EB053 /* Products */;
			projectDirPath = "";
			projectRoot = "";
			targets = (
				7461C18723EA88A4005EB053 /* Instagram */,
			);
		};
/* End PBXProject section */

/* Begin PBXResourcesBuildPhase section */
		7461C18623EA88A4005EB053 /* Resources */ = {
			isa = PBXResourcesBuildPhase;
			buildActionMask = 2147483647;
			files = (
				7461C19823EA88AF005EB053 /* LaunchScreen.storyboard in Resources */,
				7461C1B623EA9A49005EB053 /* GoogleService-Info.plist in Resources */,
				7461C19523EA88AF005EB053 /* Assets.xcassets in Resources */,
				7461C19323EA88A5005EB053 /* Main.storyboard in Resources */,
			);
			runOnlyForDeploymentPostprocessing = 0;
		};
/* End PBXResourcesBuildPhase section */

/* Begin PBXShellScriptBuildPhase section */
		54C5485E12DF233ACCEAC1E2 /* [CP] Check Pods Manifest.lock */ = {
			isa = PBXShellScriptBuildPhase;
			buildActionMask = 2147483647;
			files = (
			);
			inputFileListPaths = (
			);
			inputPaths = (
				"${PODS_PODFILE_DIR_PATH}/Podfile.lock",
				"${PODS_ROOT}/Manifest.lock",
			);
			name = "[CP] Check Pods Manifest.lock";
			outputFileListPaths = (
			);
			outputPaths = (
				"$(DERIVED_FILE_DIR)/Pods-Instagram-checkManifestLockResult.txt",
			);
			runOnlyForDeploymentPostprocessing = 0;
			shellPath = /bin/sh;
			shellScript = "diff \"${PODS_PODFILE_DIR_PATH}/Podfile.lock\" \"${PODS_ROOT}/Manifest.lock\" > /dev/null\nif [ $? != 0 ] ; then\n    # print error to STDERR\n    echo \"error: The sandbox is not in sync with the Podfile.lock. Run 'pod install' or update your CocoaPods installation.\" >&2\n    exit 1\nfi\n# This output is used by Xcode 'outputs' to avoid re-running this script phase.\necho \"SUCCESS\" > \"${SCRIPT_OUTPUT_FILE_0}\"\n";
			showEnvVarsInLog = 0;
		};
		724C3EDD2D3652A44DE1E35B /* [CP] Embed Pods Frameworks */ = {
			isa = PBXShellScriptBuildPhase;
			buildActionMask = 2147483647;
			files = (
			);
			inputFileListPaths = (
				"${PODS_ROOT}/Target Support Files/Pods-Instagram/Pods-Instagram-frameworks-${CONFIGURATION}-input-files.xcfilelist",
			);
			name = "[CP] Embed Pods Frameworks";
			outputFileListPaths = (
				"${PODS_ROOT}/Target Support Files/Pods-Instagram/Pods-Instagram-frameworks-${CONFIGURATION}-output-files.xcfilelist",
			);
			runOnlyForDeploymentPostprocessing = 0;
			shellPath = /bin/sh;
			shellScript = "\"${PODS_ROOT}/Target Support Files/Pods-Instagram/Pods-Instagram-frameworks.sh\"\n";
			showEnvVarsInLog = 0;
		};
/* End PBXShellScriptBuildPhase section */

/* Begin PBXSourcesBuildPhase section */
		7461C18423EA88A4005EB053 /* Sources */ = {
			isa = PBXSourcesBuildPhase;
			buildActionMask = 2147483647;
			files = (
				7461C1B023EA98BB005EB053 /* ImageSelectViewController.swift in Sources */,
				7461C1AE23EA98AC005EB053 /* HomeViewController.swift in Sources */,
				7461C1B223EA98C9005EB053 /* PostViewController.swift in Sources */,
				7461C1B423EA98DB005EB053 /* SettingViewController.swift in Sources */,
				7461C1AC23EA986D005EB053 /* LoginViewController.swift in Sources */,
				7461C1AA23EA8C2C005EB053 /* TabBarController.swift in Sources */,
				7461C18C23EA88A4005EB053 /* AppDelegate.swift in Sources */,
				7461C18E23EA88A4005EB053 /* SceneDelegate.swift in Sources */,
			);
			runOnlyForDeploymentPostprocessing = 0;
		};
/* End PBXSourcesBuildPhase section */

/* Begin PBXVariantGroup section */
		7461C19123EA88A5005EB053 /* Main.storyboard */ = {
			isa = PBXVariantGroup;
			children = (
				7461C19223EA88A5005EB053 /* Base */,
			);
			name = Main.storyboard;
			sourceTree = "<group>";
		};
		7461C19623EA88AF005EB053 /* LaunchScreen.storyboard */ = {
			isa = PBXVariantGroup;
			children = (
				7461C19723EA88AF005EB053 /* Base */,
			);
			name = LaunchScreen.storyboard;
			sourceTree = "<group>";
		};
/* End PBXVariantGroup section */

/* Begin XCBuildConfiguration section */
		7461C19A23EA88AF005EB053 /* Debug */ = {
			isa = XCBuildConfiguration;
			buildSettings = {
				ALWAYS_SEARCH_USER_PATHS = NO;
				CLANG_ANALYZER_NONNULL = YES;
				CLANG_ANALYZER_NUMBER_OBJECT_CONVERSION = YES_AGGRESSIVE;
				CLANG_CXX_LANGUAGE_STANDARD = "gnu++14";
				CLANG_CXX_LIBRARY = "libc++";
				CLANG_ENABLE_MODULES = YES;
				CLANG_ENABLE_OBJC_ARC = YES;
				CLANG_ENABLE_OBJC_WEAK = YES;
				CLANG_WARN_BLOCK_CAPTURE_AUTORELEASING = YES;
				CLANG_WARN_BOOL_CONVERSION = YES;
				CLANG_WARN_COMMA = YES;
				CLANG_WARN_CONSTANT_CONVERSION = YES;
				CLANG_WARN_DEPRECATED_OBJC_IMPLEMENTATIONS = YES;
				CLANG_WARN_DIRECT_OBJC_ISA_USAGE = YES_ERROR;
				CLANG_WARN_DOCUMENTATION_COMMENTS = YES;
				CLANG_WARN_EMPTY_BODY = YES;
				CLANG_WARN_ENUM_CONVERSION = YES;
				CLANG_WARN_INFINITE_RECURSION = YES;
				CLANG_WARN_INT_CONVERSION = YES;
				CLANG_WARN_NON_LITERAL_NULL_CONVERSION = YES;
				CLANG_WARN_OBJC_IMPLICIT_RETAIN_SELF = YES;
				CLANG_WARN_OBJC_LITERAL_CONVERSION = YES;
				CLANG_WARN_OBJC_ROOT_CLASS = YES_ERROR;
				CLANG_WARN_RANGE_LOOP_ANALYSIS = YES;
				CLANG_WARN_STRICT_PROTOTYPES = YES;
				CLANG_WARN_SUSPICIOUS_MOVE = YES;
				CLANG_WARN_UNGUARDED_AVAILABILITY = YES_AGGRESSIVE;
				CLANG_WARN_UNREACHABLE_CODE = YES;
				CLANG_WARN__DUPLICATE_METHOD_MATCH = YES;
				COPY_PHASE_STRIP = NO;
				DEBUG_INFORMATION_FORMAT = dwarf;
				ENABLE_STRICT_OBJC_MSGSEND = YES;
				ENABLE_TESTABILITY = YES;
				GCC_C_LANGUAGE_STANDARD = gnu11;
				GCC_DYNAMIC_NO_PIC = NO;
				GCC_NO_COMMON_BLOCKS = YES;
				GCC_OPTIMIZATION_LEVEL = 0;
				GCC_PREPROCESSOR_DEFINITIONS = (
					"DEBUG=1",
					"$(inherited)",
				);
				GCC_WARN_64_TO_32_BIT_CONVERSION = YES;
				GCC_WARN_ABOUT_RETURN_TYPE = YES_ERROR;
				GCC_WARN_UNDECLARED_SELECTOR = YES;
				GCC_WARN_UNINITIALIZED_AUTOS = YES_AGGRESSIVE;
				GCC_WARN_UNUSED_FUNCTION = YES;
				GCC_WARN_UNUSED_VARIABLE = YES;
				IPHONEOS_DEPLOYMENT_TARGET = 13.2;
				MTL_ENABLE_DEBUG_INFO = INCLUDE_SOURCE;
				MTL_FAST_MATH = YES;
				ONLY_ACTIVE_ARCH = YES;
				SDKROOT = iphoneos;
				SWIFT_ACTIVE_COMPILATION_CONDITIONS = DEBUG;
				SWIFT_OPTIMIZATION_LEVEL = "-Onone";
			};
			name = Debug;
		};
		7461C19B23EA88AF005EB053 /* Release */ = {
			isa = XCBuildConfiguration;
			buildSettings = {
				ALWAYS_SEARCH_USER_PATHS = NO;
				CLANG_ANALYZER_NONNULL = YES;
				CLANG_ANALYZER_NUMBER_OBJECT_CONVERSION = YES_AGGRESSIVE;
				CLANG_CXX_LANGUAGE_STANDARD = "gnu++14";
				CLANG_CXX_LIBRARY = "libc++";
				CLANG_ENABLE_MODULES = YES;
				CLANG_ENABLE_OBJC_ARC = YES;
				CLANG_ENABLE_OBJC_WEAK = YES;
				CLANG_WARN_BLOCK_CAPTURE_AUTORELEASING = YES;
				CLANG_WARN_BOOL_CONVERSION = YES;
				CLANG_WARN_COMMA = YES;
				CLANG_WARN_CONSTANT_CONVERSION = YES;
				CLANG_WARN_DEPRECATED_OBJC_IMPLEMENTATIONS = YES;
				CLANG_WARN_DIRECT_OBJC_ISA_USAGE = YES_ERROR;
				CLANG_WARN_DOCUMENTATION_COMMENTS = YES;
				CLANG_WARN_EMPTY_BODY = YES;
				CLANG_WARN_ENUM_CONVERSION = YES;
				CLANG_WARN_INFINITE_RECURSION = YES;
				CLANG_WARN_INT_CONVERSION = YES;
				CLANG_WARN_NON_LITERAL_NULL_CONVERSION = YES;
				CLANG_WARN_OBJC_IMPLICIT_RETAIN_SELF = YES;
				CLANG_WARN_OBJC_LITERAL_CONVERSION = YES;
				CLANG_WARN_OBJC_ROOT_CLASS = YES_ERROR;
				CLANG_WARN_RANGE_LOOP_ANALYSIS = YES;
				CLANG_WARN_STRICT_PROTOTYPES = YES;
				CLANG_WARN_SUSPICIOUS_MOVE = YES;
				CLANG_WARN_UNGUARDED_AVAILABILITY = YES_AGGRESSIVE;
				CLANG_WARN_UNREACHABLE_CODE = YES;
				CLANG_WARN__DUPLICATE_METHOD_MATCH = YES;
				COPY_PHASE_STRIP = NO;
				DEBUG_INFORMATION_FORMAT = "dwarf-with-dsym";
				ENABLE_NS_ASSERTIONS = NO;
				ENABLE_STRICT_OBJC_MSGSEND = YES;
				GCC_C_LANGUAGE_STANDARD = gnu11;
				GCC_NO_COMMON_BLOCKS = YES;
				GCC_WARN_64_TO_32_BIT_CONVERSION = YES;
				GCC_WARN_ABOUT_RETURN_TYPE = YES_ERROR;
				GCC_WARN_UNDECLARED_SELECTOR = YES;
				GCC_WARN_UNINITIALIZED_AUTOS = YES_AGGRESSIVE;
				GCC_WARN_UNUSED_FUNCTION = YES;
				GCC_WARN_UNUSED_VARIABLE = YES;
				IPHONEOS_DEPLOYMENT_TARGET = 13.2;
				MTL_ENABLE_DEBUG_INFO = NO;
				MTL_FAST_MATH = YES;
				SDKROOT = iphoneos;
				SWIFT_COMPILATION_MODE = wholemodule;
				SWIFT_OPTIMIZATION_LEVEL = "-O";
				VALIDATE_PRODUCT = YES;
			};
			name = Release;
		};
		7461C19D23EA88AF005EB053 /* Debug */ = {
			isa = XCBuildConfiguration;
			baseConfigurationReference = 9DA2A6E4BB5B5FF955DEDCC3 /* Pods-Instagram.debug.xcconfig */;
			buildSettings = {
				ASSETCATALOG_COMPILER_APPICON_NAME = AppIcon;
				CODE_SIGN_STYLE = Automatic;
				DEVELOPMENT_TEAM = YGRZT32JYU;
				INFOPLIST_FILE = Instagram/Info.plist;
				IPHONEOS_DEPLOYMENT_TARGET = 13.1;
				LD_RUNPATH_SEARCH_PATHS = (
					"$(inherited)",
					"@executable_path/Frameworks",
				);
				PRODUCT_BUNDLE_IDENTIFIER = jp.techacademy.toshihiro.imamura.Instagram;
				PRODUCT_NAME = "$(TARGET_NAME)";
				SWIFT_VERSION = 5.0;
				TARGETED_DEVICE_FAMILY = 1;
			};
			name = Debug;
		};
		7461C19E23EA88AF005EB053 /* Release */ = {
			isa = XCBuildConfiguration;
			baseConfigurationReference = F9C8123AAD9E4DD25BF3CE1A /* Pods-Instagram.release.xcconfig */;
			buildSettings = {
				ASSETCATALOG_COMPILER_APPICON_NAME = AppIcon;
				CODE_SIGN_STYLE = Automatic;
				DEVELOPMENT_TEAM = YGRZT32JYU;
				INFOPLIST_FILE = Instagram/Info.plist;
				IPHONEOS_DEPLOYMENT_TARGET = 13.1;
				LD_RUNPATH_SEARCH_PATHS = (
					"$(inherited)",
					"@executable_path/Frameworks",
				);
				PRODUCT_BUNDLE_IDENTIFIER = jp.techacademy.toshihiro.imamura.Instagram;
				PRODUCT_NAME = "$(TARGET_NAME)";
				SWIFT_VERSION = 5.0;
				TARGETED_DEVICE_FAMILY = 1;
			};
			name = Release;
		};
/* End XCBuildConfiguration section */

/* Begin XCConfigurationList section */
		7461C18323EA88A3005EB053 /* Build configuration list for PBXProject "Instagram" */ = {
			isa = XCConfigurationList;
			buildConfigurations = (
				7461C19A23EA88AF005EB053 /* Debug */,
				7461C19B23EA88AF005EB053 /* Release */,
			);
			defaultConfigurationIsVisible = 0;
			defaultConfigurationName = Release;
		};
		7461C19C23EA88AF005EB053 /* Build configuration list for PBXNativeTarget "Instagram" */ = {
			isa = XCConfigurationList;
			buildConfigurations = (
				7461C19D23EA88AF005EB053 /* Debug */,
				7461C19E23EA88AF005EB053 /* Release */,
			);
			defaultConfigurationIsVisible = 0;
			defaultConfigurationName = Release;
		};
/* End XCConfigurationList section */
	};
	rootObject = 7461C18023EA88A3005EB053 /* Project object */;
}
